
Microsoft Visual Studio Solution File, Format Version 12.00
# Visual Studio 2012
Project("{FAE04EC0-301F-11D3-BF4B-00C04F79EFBC}") = "TutorialTest", "TutorialTest\TutorialTest.csproj", "{D58EEBB7-4A24-42D6-B13C-6F236E31666B}"
EndProject
Project("{FAE04EC0-301F-11D3-BF4B-00C04F79EFBC}") = "TutorialTest.Tests", "TutorialTest.Tests\TutorialTest.Tests.csproj", "{94180A92-C04A-4C18-81DB-305F30455D46}"
EndProject
Global
	GlobalSection(SolutionConfigurationPlatforms) = preSolution
		Debug|Any CPU = Debug|Any CPU
		Release|Any CPU = Release|Any CPU
	EndGlobalSection
	GlobalSection(ProjectConfigurationPlatforms) = postSolution
		{D58EEBB7-4A24-42D6-B13C-6F236E31666B}.Debug|Any CPU.ActiveCfg = Debug|Any CPU
		{D58EEBB7-4A24-42D6-B13C-6F236E31666B}.Debug|Any CPU.Build.0 = Debug|Any CPU
		{D58EEBB7-4A24-42D6-B13C-6F236E31666B}.Release|Any CPU.ActiveCfg = Release|Any CPU
		{D58EEBB7-4A24-42D6-B13C-6F236E31666B}.Release|Any CPU.Build.0 = Release|Any CPU
		{94180A92-C04A-4C18-81DB-305F30455D46}.Debug|Any CPU.ActiveCfg = Debug|Any CPU
		{94180A92-C04A-4C18-81DB-305F30455D46}.Debug|Any CPU.Build.0 = Debug|Any CPU
		{94180A92-C04A-4C18-81DB-305F30455D46}.Release|Any CPU.ActiveCfg = Release|Any CPU
		{94180A92-C04A-4C18-81DB-305F30455D46}.Release|Any CPU.Build.0 = Release|Any CPU
	EndGlobalSection
	GlobalSection(SolutionProperties) = preSolution
		HideSolutionNode = FALSE
	EndGlobalSection
EndGlobal
